
Microsoft Visual Studio Solution File, Format Version 12.00
# Visual Studio Version 17
VisualStudioVersion = 17.0.31903.59
MinimumVisualStudioVersion = 10.0.40219.1
Project("{FAE04EC0-301F-11D3-BF4B-00C04F79EFBC}") = "API", "API\API.csproj", "{95194C7F-57B7-4046-A672-3AD29DC49E5F}"
EndProject
Project("{FAE04EC0-301F-11D3-BF4B-00C04F79EFBC}") = "Domain", "Domain\Domain.csproj", "{B9F9FEDD-1E00-4DC1-AF9A-2BD769F394FB}"
EndProject
Project("{FAE04EC0-301F-11D3-BF4B-00C04F79EFBC}") = "Application", "Application\Application.csproj", "{7CA192B8-F963-45CC-BBA9-0DB6A098914C}"
EndProject
Project("{FAE04EC0-301F-11D3-BF4B-00C04F79EFBC}") = "Persistence", "Persistence\Persistence.csproj", "{3667BA5C-E7D9-4DC9-B4A6-A96D6BCF9C75}"
EndProject
Global
	GlobalSection(SolutionConfigurationPlatforms) = preSolution
		Debug|Any CPU = Debug|Any CPU
		Debug|x64 = Debug|x64
		Debug|x86 = Debug|x86
		Release|Any CPU = Release|Any CPU
		Release|x64 = Release|x64
		Release|x86 = Release|x86
	EndGlobalSection
	GlobalSection(ProjectConfigurationPlatforms) = postSolution
		{95194C7F-57B7-4046-A672-3AD29DC49E5F}.Debug|Any CPU.ActiveCfg = Debug|Any CPU
		{95194C7F-57B7-4046-A672-3AD29DC49E5F}.Debug|Any CPU.Build.0 = Debug|Any CPU
		{95194C7F-57B7-4046-A672-3AD29DC49E5F}.Debug|x64.ActiveCfg = Debug|Any CPU
		{95194C7F-57B7-4046-A672-3AD29DC49E5F}.Debug|x64.Build.0 = Debug|Any CPU
		{95194C7F-57B7-4046-A672-3AD29DC49E5F}.Debug|x86.ActiveCfg = Debug|Any CPU
		{95194C7F-57B7-4046-A672-3AD29DC49E5F}.Debug|x86.Build.0 = Debug|Any CPU
		{95194C7F-57B7-4046-A672-3AD29DC49E5F}.Release|Any CPU.ActiveCfg = Release|Any CPU
		{95194C7F-57B7-4046-A672-3AD29DC49E5F}.Release|Any CPU.Build.0 = Release|Any CPU
		{95194C7F-57B7-4046-A672-3AD29DC49E5F}.Release|x64.ActiveCfg = Release|Any CPU
		{95194C7F-57B7-4046-A672-3AD29DC49E5F}.Release|x64.Build.0 = Release|Any CPU
		{95194C7F-57B7-4046-A672-3AD29DC49E5F}.Release|x86.ActiveCfg = Release|Any CPU
		{95194C7F-57B7-4046-A672-3AD29DC49E5F}.Release|x86.Build.0 = Release|Any CPU
		{B9F9FEDD-1E00-4DC1-AF9A-2BD769F394FB}.Debug|Any CPU.ActiveCfg = Debug|Any CPU
		{B9F9FEDD-1E00-4DC1-AF9A-2BD769F394FB}.Debug|Any CPU.Build.0 = Debug|Any CPU
		{B9F9FEDD-1E00-4DC1-AF9A-2BD769F394FB}.Debug|x64.ActiveCfg = Debug|Any CPU
		{B9F9FEDD-1E00-4DC1-AF9A-2BD769F394FB}.Debug|x64.Build.0 = Debug|Any CPU
		{B9F9FEDD-1E00-4DC1-AF9A-2BD769F394FB}.Debug|x86.ActiveCfg = Debug|Any CPU
		{B9F9FEDD-1E00-4DC1-AF9A-2BD769F394FB}.Debug|x86.Build.0 = Debug|Any CPU
		{B9F9FEDD-1E00-4DC1-AF9A-2BD769F394FB}.Release|Any CPU.ActiveCfg = Release|Any CPU
		{B9F9FEDD-1E00-4DC1-AF9A-2BD769F394FB}.Release|Any CPU.Build.0 = Release|Any CPU
		{B9F9FEDD-1E00-4DC1-AF9A-2BD769F394FB}.Release|x64.ActiveCfg = Release|Any CPU
		{B9F9FEDD-1E00-4DC1-AF9A-2BD769F394FB}.Release|x64.Build.0 = Release|Any CPU
		{B9F9FEDD-1E00-4DC1-AF9A-2BD769F394FB}.Release|x86.ActiveCfg = Release|Any CPU
		{B9F9FEDD-1E00-4DC1-AF9A-2BD769F394FB}.Release|x86.Build.0 = Release|Any CPU
		{7CA192B8-F963-45CC-BBA9-0DB6A098914C}.Debug|Any CPU.ActiveCfg = Debug|Any CPU
		{7CA192B8-F963-45CC-BBA9-0DB6A098914C}.Debug|Any CPU.Build.0 = Debug|Any CPU
		{7CA192B8-F963-45CC-BBA9-0DB6A098914C}.Debug|x64.ActiveCfg = Debug|Any CPU
		{7CA192B8-F963-45CC-BBA9-0DB6A098914C}.Debug|x64.Build.0 = Debug|Any CPU
		{7CA192B8-F963-45CC-BBA9-0DB6A098914C}.Debug|x86.ActiveCfg = Debug|Any CPU
		{7CA192B8-F963-45CC-BBA9-0DB6A098914C}.Debug|x86.Build.0 = Debug|Any CPU
		{7CA192B8-F963-45CC-BBA9-0DB6A098914C}.Release|Any CPU.ActiveCfg = Release|Any CPU
		{7CA192B8-F963-45CC-BBA9-0DB6A098914C}.Release|Any CPU.Build.0 = Release|Any CPU
		{7CA192B8-F963-45CC-BBA9-0DB6A098914C}.Release|x64.ActiveCfg = Release|Any CPU
		{7CA192B8-F963-45CC-BBA9-0DB6A098914C}.Release|x64.Build.0 = Release|Any CPU
		{7CA192B8-F963-45CC-BBA9-0DB6A098914C}.Release|x86.ActiveCfg = Release|Any CPU
		{7CA192B8-F963-45CC-BBA9-0DB6A098914C}.Release|x86.Build.0 = Release|Any CPU
		{3667BA5C-E7D9-4DC9-B4A6-A96D6BCF9C75}.Debug|Any CPU.ActiveCfg = Debug|Any CPU
		{3667BA5C-E7D9-4DC9-B4A6-A96D6BCF9C75}.Debug|Any CPU.Build.0 = Debug|Any CPU
		{3667BA5C-E7D9-4DC9-B4A6-A96D6BCF9C75}.Debug|x64.ActiveCfg = Debug|Any CPU
		{3667BA5C-E7D9-4DC9-B4A6-A96D6BCF9C75}.Debug|x64.Build.0 = Debug|Any CPU
		{3667BA5C-E7D9-4DC9-B4A6-A96D6BCF9C75}.Debug|x86.ActiveCfg = Debug|Any CPU
		{3667BA5C-E7D9-4DC9-B4A6-A96D6BCF9C75}.Debug|x86.Build.0 = Debug|Any CPU
		{3667BA5C-E7D9-4DC9-B4A6-A96D6BCF9C75}.Release|Any CPU.ActiveCfg = Release|Any CPU
		{3667BA5C-E7D9-4DC9-B4A6-A96D6BCF9C75}.Release|Any CPU.Build.0 = Release|Any CPU
		{3667BA5C-E7D9-4DC9-B4A6-A96D6BCF9C75}.Release|x64.ActiveCfg = Release|Any CPU
		{3667BA5C-E7D9-4DC9-B4A6-A96D6BCF9C75}.Release|x64.Build.0 = Release|Any CPU
		{3667BA5C-E7D9-4DC9-B4A6-A96D6BCF9C75}.Release|x86.ActiveCfg = Release|Any CPU
		{3667BA5C-E7D9-4DC9-B4A6-A96D6BCF9C75}.Release|x86.Build.0 = Release|Any CPU
	EndGlobalSection
	GlobalSection(SolutionProperties) = preSolution
		HideSolutionNode = FALSE
	EndGlobalSection
EndGlobal
